{
  "originHash" : "41682aa757b18c8b10c59952851213b5751b796cc0e74fb6ce58e9e798bdd784",
  "pins" : [
    {
      "identity" : "logmanager",
      "kind" : "remoteSourceControl",
      "location" : "https://github.com/Appracatappra/LogManager",
      "state" : {
        "revision" : "bf916fa61fd3d3f006bcede8e9ca2d4910279478",
        "version" : "2.0.0"
      }
    },
    {
      "identity" : "soundmanager",
      "kind" : "remoteSourceControl",
      "location" : "https://github.com/Appracatappra/SoundManager",
      "state" : {
        "revision" : "6e73b374abdd9858a873fa72a89e5e09b0ffb4c8",
        "version" : "2.0.0"
      }
    },
    {
      "identity" : "swiftletutilities",
      "kind" : "remoteSourceControl",
      "location" : "https://github.com/Appracatappra/SwiftletUtilities",
      "state" : {
        "revision" : "a587162e03f9af3d474535100f89d8db64b82345",
        "version" : "2.0.0"
      }
    }
  ],
  "version" : 3
}
